
Microsoft Visual Studio Solution File, Format Version 12.00
# Visual Studio 15
VisualStudioVersion = 15.0.26730.16
MinimumVisualStudioVersion = 10.0.40219.1
Project("{FAE04EC0-301F-11D3-BF4B-00C04F79EFBC}") = "NeuralNetwork", "NeuralNetwork\NeuralNetwork.csproj", "{EE818247-D11C-4A21-A8DE-85B81258663C}"
EndProject
Global
	GlobalSection(SolutionConfigurationPlatforms) = preSolution
		Debug|Any CPU = Debug|Any CPU
		Release|Any CPU = Release|Any CPU
	EndGlobalSection
	GlobalSection(ProjectConfigurationPlatforms) = postSolution
		{EE818247-D11C-4A21-A8DE-85B81258663C}.Debug|Any CPU.ActiveCfg = Debug|Any CPU
		{EE818247-D11C-4A21-A8DE-85B81258663C}.Debug|Any CPU.Build.0 = Debug|Any CPU
		{EE818247-D11C-4A21-A8DE-85B81258663C}.Release|Any CPU.ActiveCfg = Release|Any CPU
		{EE818247-D11C-4A21-A8DE-85B81258663C}.Release|Any CPU.Build.0 = Release|Any CPU
	EndGlobalSection
	GlobalSection(SolutionProperties) = preSolution
		HideSolutionNode = FALSE
	EndGlobalSection
	GlobalSection(ExtensibilityGlobals) = postSolution
		SolutionGuid = {8BE9684A-A874-445F-8DF1-1E0106CE94FE}
	EndGlobalSection
EndGlobal
